
Microsoft Visual Studio Solution File, Format Version 12.00
# Visual Studio 15
VisualStudioVersion = 15.0.28307.1145
MinimumVisualStudioVersion = 10.0.40219.1
Project("{FAE04EC0-301F-11D3-BF4B-00C04F79EFBC}") = "WindowsFormsApp1", "WindowsFormsApp1\WindowsFormsApp1.csproj", "{4E87C7EF-CA9D-477A-90CE-7B674973B4CA}"
EndProject
Global
	GlobalSection(SolutionConfigurationPlatforms) = preSolution
		Debug|Any CPU = Debug|Any CPU
		Release|Any CPU = Release|Any CPU
	EndGlobalSection
	GlobalSection(ProjectConfigurationPlatforms) = postSolution
		{4E87C7EF-CA9D-477A-90CE-7B674973B4CA}.Debug|Any CPU.ActiveCfg = Debug|Any CPU
		{4E87C7EF-CA9D-477A-90CE-7B674973B4CA}.Debug|Any CPU.Build.0 = Debug|Any CPU
		{4E87C7EF-CA9D-477A-90CE-7B674973B4CA}.Release|Any CPU.ActiveCfg = Release|Any CPU
		{4E87C7EF-CA9D-477A-90CE-7B674973B4CA}.Release|Any CPU.Build.0 = Release|Any CPU
	EndGlobalSection
	GlobalSection(SolutionProperties) = preSolution
		HideSolutionNode = FALSE
	EndGlobalSection
	GlobalSection(ExtensibilityGlobals) = postSolution
		SolutionGuid = {6C49B86F-EA9C-41A5-B6C9-14BF4854952E}
	EndGlobalSection
EndGlobal
